// !$*UTF8*$!
{
	archiveVersion = 1;
	classes = {
	};
	objectVersion = 46;
	objects = {

/* Begin PBXBuildFile section */
		92CC1B3D1C3A57A70084F815 /* AppDelegate.swift in Sources */ = {isa = PBXBuildFile; fileRef = 92CC1B3C1C3A57A70084F815 /* AppDelegate.swift */; };
		92CC1B3F1C3A57A70084F815 /* ViewController.swift in Sources */ = {isa = PBXBuildFile; fileRef = 92CC1B3E1C3A57A70084F815 /* ViewController.swift */; };
		92CC1B421C3A57A70084F815 /* Main.storyboard in Resources */ = {isa = PBXBuildFile; fileRef = 92CC1B401C3A57A70084F815 /* Main.storyboard */; };
		92CC1B441C3A57A70084F815 /* Assets.xcassets in Resources */ = {isa = PBXBuildFile; fileRef = 92CC1B431C3A57A70084F815 /* Assets.xcassets */; };
		92CC1B471C3A57A70084F815 /* LaunchScreen.storyboard in Resources */ = {isa = PBXBuildFile; fileRef = 92CC1B451C3A57A70084F815 /* LaunchScreen.storyboard */; };
		92CC1B521C3A57A80084F815 /* DrawingBoardTests.swift in Sources */ = {isa = PBXBuildFile; fileRef = 92CC1B511C3A57A80084F815 /* DrawingBoardTests.swift */; };
		92CC1B5D1C3A57A80084F815 /* DrawingBoardUITests.swift in Sources */ = {isa = PBXBuildFile; fileRef = 92CC1B5C1C3A57A80084F815 /* DrawingBoardUITests.swift */; };
		92CC1B6D1C3A5B2D0084F815 /* Board.swift in Sources */ = {isa = PBXBuildFile; fileRef = 92CC1B6C1C3A5B2D0084F815 /* Board.swift */; };
		92CC1B6F1C3A5EAF0084F815 /* BaseBrush.swift in Sources */ = {isa = PBXBuildFile; fileRef = 92CC1B6E1C3A5EAF0084F815 /* BaseBrush.swift */; };
		92CC1B721C3A63AF0084F815 /* PencilBrush.swift in Sources */ = {isa = PBXBuildFile; fileRef = 92CC1B711C3A63AF0084F815 /* PencilBrush.swift */; };
		92CC1B741C3A64810084F815 /* LineBrush.swift in Sources */ = {isa = PBXBuildFile; fileRef = 92CC1B731C3A64810084F815 /* LineBrush.swift */; };
		92CC1B761C3A64D40084F815 /* DashLineBrush.swift in Sources */ = {isa = PBXBuildFile; fileRef = 92CC1B751C3A64D40084F815 /* DashLineBrush.swift */; };
		92CC1B781C3A657B0084F815 /* RectangleBrush.swift in Sources */ = {isa = PBXBuildFile; fileRef = 92CC1B771C3A657B0084F815 /* RectangleBrush.swift */; };
		92CC1B7A1C3A66220084F815 /* EllipseBrush.swift in Sources */ = {isa = PBXBuildFile; fileRef = 92CC1B791C3A66220084F815 /* EllipseBrush.swift */; };
		92CC1B7C1C3A66BE0084F815 /* EraserBrush.swift in Sources */ = {isa = PBXBuildFile; fileRef = 92CC1B7B1C3A66BE0084F815 /* EraserBrush.swift */; };
		92CC1B801C3A9A4E0084F815 /* RGBColorPicker.swift in Sources */ = {isa = PBXBuildFile; fileRef = 92CC1B7F1C3A9A4E0084F815 /* RGBColorPicker.swift */; };
		92CC1B821C3AA8C70084F815 /* PaintingBrushSettingsView.swift in Sources */ = {isa = PBXBuildFile; fileRef = 92CC1B811C3AA8C70084F815 /* PaintingBrushSettingsView.swift */; };
		92CC1B841C3AAA790084F815 /* PaintingBrushSettingsView.xib in Resources */ = {isa = PBXBuildFile; fileRef = 92CC1B831C3AAA790084F815 /* PaintingBrushSettingsView.xib */; };
		92CC1B881C3B5C5D0084F815 /* BackgroundSettingsVC.swift in Sources */ = {isa = PBXBuildFile; fileRef = 92CC1B871C3B5C5D0084F815 /* BackgroundSettingsVC.swift */; };
		92CC1B8A1C3B5DEC0084F815 /* BackgroundSettingsVC.xib in Resources */ = {isa = PBXBuildFile; fileRef = 92CC1B891C3B5DEC0084F815 /* BackgroundSettingsVC.xib */; };
/* End PBXBuildFile section */

/* Begin PBXContainerItemProxy section */
		92CC1B4E1C3A57A80084F815 /* PBXContainerItemProxy */ = {
			isa = PBXContainerItemProxy;
			containerPortal = 92CC1B311C3A57A70084F815 /* Project object */;
			proxyType = 1;
			remoteGlobalIDString = 92CC1B381C3A57A70084F815;
			remoteInfo = DrawingBoard;
		};
		92CC1B591C3A57A80084F815 /* PBXContainerItemProxy */ = {
			isa = PBXContainerItemProxy;
			containerPortal = 92CC1B311C3A57A70084F815 /* Project object */;
			proxyType = 1;
			remoteGlobalIDString = 92CC1B381C3A57A70084F815;
			remoteInfo = DrawingBoard;
		};
/* End PBXContainerItemProxy section */

/* Begin PBXFileReference section */
		92CC1B391C3A57A70084F815 /* DrawingBoard.app */ = {isa = PBXFileReference; explicitFileType = wrapper.application; includeInIndex = 0; path = DrawingBoard.app; sourceTree = BUILT_PRODUCTS_DIR; };
		92CC1B3C1C3A57A70084F815 /* AppDelegate.swift */ = {isa = PBXFileReference; lastKnownFileType = sourcecode.swift; path = AppDelegate.swift; sourceTree = "<group>"; };
		92CC1B3E1C3A57A70084F815 /* ViewController.swift */ = {isa = PBXFileReference; lastKnownFileType = sourcecode.swift; path = ViewController.swift; sourceTree = "<group>"; };
		92CC1B411C3A57A70084F815 /* Base */ = {isa = PBXFileReference; lastKnownFileType = file.storyboard; name = Base; path = Base.lproj/Main.storyboard; sourceTree = "<group>"; };
		92CC1B431C3A57A70084F815 /* Assets.xcassets */ = {isa = PBXFileReference; lastKnownFileType = folder.assetcatalog; path = Assets.xcassets; sourceTree = "<group>"; };
		92CC1B461C3A57A70084F815 /* Base */ = {isa = PBXFileReference; lastKnownFileType = file.storyboard; name = Base; path = Base.lproj/LaunchScreen.storyboard; sourceTree = "<group>"; };
		92CC1B481C3A57A70084F815 /* Info.plist */ = {isa = PBXFileReference; lastKnownFileType = text.plist.xml; path = Info.plist; sourceTree = "<group>"; };
		92CC1B4D1C3A57A80084F815 /* DrawingBoardTests.xctest */ = {isa = PBXFileReference; explicitFileType = wrapper.cfbundle; includeInIndex = 0; path = DrawingBoardTests.xctest; sourceTree = BUILT_PRODUCTS_DIR; };
		92CC1B511C3A57A80084F815 /* DrawingBoardTests.swift */ = {isa = PBXFileReference; lastKnownFileType = sourcecode.swift; path = DrawingBoardTests.swift; sourceTree = "<group>"; };
		92CC1B531C3A57A80084F815 /* Info.plist */ = {isa = PBXFileReference; lastKnownFileType = text.plist.xml; path = Info.plist; sourceTree = "<group>"; };
		92CC1B581C3A57A80084F815 /* DrawingBoardUITests.xctest */ = {isa = PBXFileReference; explicitFileType = wrapper.cfbundle; includeInIndex = 0; path = DrawingBoardUITests.xctest; sourceTree = BUILT_PRODUCTS_DIR; };
		92CC1B5C1C3A57A80084F815 /* DrawingBoardUITests.swift */ = {isa = PBXFileReference; lastKnownFileType = sourcecode.swift; path = DrawingBoardUITests.swift; sourceTree = "<group>"; };
		92CC1B5E1C3A57A80084F815 /* Info.plist */ = {isa = PBXFileReference; lastKnownFileType = text.plist.xml; path = Info.plist; sourceTree = "<group>"; };
		92CC1B6C1C3A5B2D0084F815 /* Board.swift */ = {isa = PBXFileReference; fileEncoding = 4; lastKnownFileType = sourcecode.swift; path = Board.swift; sourceTree = "<group>"; };
		92CC1B6E1C3A5EAF0084F815 /* BaseBrush.swift */ = {isa = PBXFileReference; fileEncoding = 4; lastKnownFileType = sourcecode.swift; path = BaseBrush.swift; sourceTree = "<group>"; };
		92CC1B711C3A63AF0084F815 /* PencilBrush.swift */ = {isa = PBXFileReference; fileEncoding = 4; lastKnownFileType = sourcecode.swift; path = PencilBrush.swift; sourceTree = "<group>"; };
		92CC1B731C3A64810084F815 /* LineBrush.swift */ = {isa = PBXFileReference; fileEncoding = 4; lastKnownFileType = sourcecode.swift; path = LineBrush.swift; sourceTree = "<group>"; };
		92CC1B751C3A64D40084F815 /* DashLineBrush.swift */ = {isa = PBXFileReference; fileEncoding = 4; lastKnownFileType = sourcecode.swift; path = DashLineBrush.swift; sourceTree = "<group>"; };
		92CC1B771C3A657B0084F815 /* RectangleBrush.swift */ = {isa = PBXFileReference; fileEncoding = 4; lastKnownFileType = sourcecode.swift; path = RectangleBrush.swift; sourceTree = "<group>"; };
		92CC1B791C3A66220084F815 /* EllipseBrush.swift */ = {isa = PBXFileReference; fileEncoding = 4; lastKnownFileType = sourcecode.swift; path = EllipseBrush.swift; sourceTree = "<group>"; };
		92CC1B7B1C3A66BE0084F815 /* EraserBrush.swift */ = {isa = PBXFileReference; fileEncoding = 4; lastKnownFileType = sourcecode.swift; path = EraserBrush.swift; sourceTree = "<group>"; };
		92CC1B7F1C3A9A4E0084F815 /* RGBColorPicker.swift */ = {isa = PBXFileReference; fileEncoding = 4; lastKnownFileType = sourcecode.swift; path = RGBColorPicker.swift; sourceTree = "<group>"; };
		92CC1B811C3AA8C70084F815 /* PaintingBrushSettingsView.swift */ = {isa = PBXFileReference; fileEncoding = 4; lastKnownFileType = sourcecode.swift; path = PaintingBrushSettingsView.swift; sourceTree = "<group>"; };
		92CC1B831C3AAA790084F815 /* PaintingBrushSettingsView.xib */ = {isa = PBXFileReference; fileEncoding = 4; lastKnownFileType = file.xib; path = PaintingBrushSettingsView.xib; sourceTree = "<group>"; };
		92CC1B871C3B5C5D0084F815 /* BackgroundSettingsVC.swift */ = {isa = PBXFileReference; fileEncoding = 4; lastKnownFileType = sourcecode.swift; path = BackgroundSettingsVC.swift; sourceTree = "<group>"; };
		92CC1B891C3B5DEC0084F815 /* BackgroundSettingsVC.xib */ = {isa = PBXFileReference; fileEncoding = 4; lastKnownFileType = file.xib; path = BackgroundSettingsVC.xib; sourceTree = "<group>"; };
/* End PBXFileReference section */

/* Begin PBXFrameworksBuildPhase section */
		92CC1B361C3A57A70084F815 /* Frameworks */ = {
			isa = PBXFrameworksBuildPhase;
			buildActionMask = 2147483647;
			files = (
			);
			runOnlyForDeploymentPostprocessing = 0;
		};
		92CC1B4A1C3A57A80084F815 /* Frameworks */ = {
			isa = PBXFrameworksBuildPhase;
			buildActionMask = 2147483647;
			files = (
			);
			runOnlyForDeploymentPostprocessing = 0;
		};
		92CC1B551C3A57A80084F815 /* Frameworks */ = {
			isa = PBXFrameworksBuildPhase;
			buildActionMask = 2147483647;
			files = (
			);
			runOnlyForDeploymentPostprocessing = 0;
		};
/* End PBXFrameworksBuildPhase section */

/* Begin PBXGroup section */
		92CC1B301C3A57A70084F815 = {
			isa = PBXGroup;
			children = (
				92CC1B3B1C3A57A70084F815 /* DrawingBoard */,
				92CC1B501C3A57A80084F815 /* DrawingBoardTests */,
				92CC1B5B1C3A57A80084F815 /* DrawingBoardUITests */,
				92CC1B3A1C3A57A70084F815 /* Products */,
			);
			sourceTree = "<group>";
		};
		92CC1B3A1C3A57A70084F815 /* Products */ = {
			isa = PBXGroup;
			children = (
				92CC1B391C3A57A70084F815 /* DrawingBoard.app */,
				92CC1B4D1C3A57A80084F815 /* DrawingBoardTests.xctest */,
				92CC1B581C3A57A80084F815 /* DrawingBoardUITests.xctest */,
			);
			name = Products;
			sourceTree = "<group>";
		};
		92CC1B3B1C3A57A70084F815 /* DrawingBoard */ = {
			isa = PBXGroup;
			children = (
				92CC1B701C3A63920084F815 /* Drawing Tools */,
				92CC1B3C1C3A57A70084F815 /* AppDelegate.swift */,
				92CC1B3E1C3A57A70084F815 /* ViewController.swift */,
				92CC1B401C3A57A70084F815 /* Main.storyboard */,
				92CC1B431C3A57A70084F815 /* Assets.xcassets */,
				92CC1B451C3A57A70084F815 /* LaunchScreen.storyboard */,
				92CC1B481C3A57A70084F815 /* Info.plist */,
				92CC1B6C1C3A5B2D0084F815 /* Board.swift */,
				92CC1B6E1C3A5EAF0084F815 /* BaseBrush.swift */,
				92CC1B7F1C3A9A4E0084F815 /* RGBColorPicker.swift */,
				92CC1B811C3AA8C70084F815 /* PaintingBrushSettingsView.swift */,
				92CC1B831C3AAA790084F815 /* PaintingBrushSettingsView.xib */,
				92CC1B871C3B5C5D0084F815 /* BackgroundSettingsVC.swift */,
				92CC1B891C3B5DEC0084F815 /* BackgroundSettingsVC.xib */,
			);
			path = DrawingBoard;
			sourceTree = "<group>";
		};
		92CC1B501C3A57A80084F815 /* DrawingBoardTests */ = {
			isa = PBXGroup;
			children = (
				92CC1B511C3A57A80084F815 /* DrawingBoardTests.swift */,
				92CC1B531C3A57A80084F815 /* Info.plist */,
			);
			path = DrawingBoardTests;
			sourceTree = "<group>";
		};
		92CC1B5B1C3A57A80084F815 /* DrawingBoardUITests */ = {
			isa = PBXGroup;
			children = (
				92CC1B5C1C3A57A80084F815 /* DrawingBoardUITests.swift */,
				92CC1B5E1C3A57A80084F815 /* Info.plist */,
			);
			path = DrawingBoardUITests;
			sourceTree = "<group>";
		};
		92CC1B701C3A63920084F815 /* Drawing Tools */ = {
			isa = PBXGroup;
			children = (
				92CC1B711C3A63AF0084F815 /* PencilBrush.swift */,
				92CC1B731C3A64810084F815 /* LineBrush.swift */,
				92CC1B751C3A64D40084F815 /* DashLineBrush.swift */,
				92CC1B771C3A657B0084F815 /* RectangleBrush.swift */,
				92CC1B791C3A66220084F815 /* EllipseBrush.swift */,
				92CC1B7B1C3A66BE0084F815 /* EraserBrush.swift */,
			);
			name = "Drawing Tools";
			sourceTree = "<group>";
		};
/* End PBXGroup section */

/* Begin PBXNativeTarget section */
		92CC1B381C3A57A70084F815 /* DrawingBoard */ = {
			isa = PBXNativeTarget;
			buildConfigurationList = 92CC1B611C3A57A80084F815 /* Build configuration list for PBXNativeTarget "DrawingBoard" */;
			buildPhases = (
				92CC1B351C3A57A70084F815 /* Sources */,
				92CC1B361C3A57A70084F815 /* Frameworks */,
				92CC1B371C3A57A70084F815 /* Resources */,
			);
			buildRules = (
			);
			dependencies = (
			);
			name = DrawingBoard;
			productName = DrawingBoard;
			productReference = 92CC1B391C3A57A70084F815 /* DrawingBoard.app */;
			productType = "com.apple.product-type.application";
		};
		92CC1B4C1C3A57A80084F815 /* DrawingBoardTests */ = {
			isa = PBXNativeTarget;
			buildConfigurationList = 92CC1B641C3A57A80084F815 /* Build configuration list for PBXNativeTarget "DrawingBoardTests" */;
			buildPhases = (
				92CC1B491C3A57A80084F815 /* Sources */,
				92CC1B4A1C3A57A80084F815 /* Frameworks */,
				92CC1B4B1C3A57A80084F815 /* Resources */,
			);
			buildRules = (
			);
			dependencies = (
				92CC1B4F1C3A57A80084F815 /* PBXTargetDependency */,
			);
			name = DrawingBoardTests;
			productName = DrawingBoardTests;
			productReference = 92CC1B4D1C3A57A80084F815 /* DrawingBoardTests.xctest */;
			productType = "com.apple.product-type.bundle.unit-test";
		};
		92CC1B571C3A57A80084F815 /* DrawingBoardUITests */ = {
			isa = PBXNativeTarget;
			buildConfigurationList = 92CC1B671C3A57A80084F815 /* Build configuration list for PBXNativeTarget "DrawingBoardUITests" */;
			buildPhases = (
				92CC1B541C3A57A80084F815 /* Sources */,
				92CC1B551C3A57A80084F815 /* Frameworks */,
				92CC1B561C3A57A80084F815 /* Resources */,
			);
			buildRules = (
			);
			dependencies = (
				92CC1B5A1C3A57A80084F815 /* PBXTargetDependency */,
			);
			name = DrawingBoardUITests;
			productName = DrawingBoardUITests;
			productReference = 92CC1B581C3A57A80084F815 /* DrawingBoardUITests.xctest */;
			productType = "com.apple.product-type.bundle.ui-testing";
		};
/* End PBXNativeTarget section */

/* Begin PBXProject section */
		92CC1B311C3A57A70084F815 /* Project object */ = {
			isa = PBXProject;
			attributes = {
				LastSwiftUpdateCheck = 0710;
				LastUpgradeCheck = 0710;
				ORGANIZATIONNAME = Anthony;
				TargetAttributes = {
					92CC1B381C3A57A70084F815 = {
						CreatedOnToolsVersion = 7.1.1;
						DevelopmentTeam = XGQU44EDCN;
					};
					92CC1B4C1C3A57A80084F815 = {
						CreatedOnToolsVersion = 7.1.1;
						DevelopmentTeam = XGQU44EDCN;
						TestTargetID = 92CC1B381C3A57A70084F815;
					};
					92CC1B571C3A57A80084F815 = {
						CreatedOnToolsVersion = 7.1.1;
						DevelopmentTeam = XGQU44EDCN;
						TestTargetID = 92CC1B381C3A57A70084F815;
					};
				};
			};
			buildConfigurationList = 92CC1B341C3A57A70084F815 /* Build configuration list for PBXProject "DrawingBoard" */;
			compatibilityVersion = "Xcode 3.2";
			developmentRegion = English;
			hasScannedForEncodings = 0;
			knownRegions = (
				en,
				Base,
			);
			mainGroup = 92CC1B301C3A57A70084F815;
			productRefGroup = 92CC1B3A1C3A57A70084F815 /* Products */;
			projectDirPath = "";
			projectRoot = "";
			targets = (
				92CC1B381C3A57A70084F815 /* DrawingBoard */,
				92CC1B4C1C3A57A80084F815 /* DrawingBoardTests */,
				92CC1B571C3A57A80084F815 /* DrawingBoardUITests */,
			);
		};
/* End PBXProject section */

/* Begin PBXResourcesBuildPhase section */
		92CC1B371C3A57A70084F815 /* Resources */ = {
			isa = PBXResourcesBuildPhase;
			buildActionMask = 2147483647;
			files = (
				92CC1B841C3AAA790084F815 /* PaintingBrushSettingsView.xib in Resources */,
				92CC1B471C3A57A70084F815 /* LaunchScreen.storyboard in Resources */,
				92CC1B8A1C3B5DEC0084F815 /* BackgroundSettingsVC.xib in Resources */,
				92CC1B441C3A57A70084F815 /* Assets.xcassets in Resources */,
				92CC1B421C3A57A70084F815 /* Main.storyboard in Resources */,
			);
			runOnlyForDeploymentPostprocessing = 0;
		};
		92CC1B4B1C3A57A80084F815 /* Resources */ = {
			isa = PBXResourcesBuildPhase;
			buildActionMask = 2147483647;
			files = (
			);
			runOnlyForDeploymentPostprocessing = 0;
		};
		92CC1B561C3A57A80084F815 /* Resources */ = {
			isa = PBXResourcesBuildPhase;
			buildActionMask = 2147483647;
			files = (
			);
			runOnlyForDeploymentPostprocessing = 0;
		};
/* End PBXResourcesBuildPhase section */

/* Begin PBXSourcesBuildPhase section */
		92CC1B351C3A57A70084F815 /* Sources */ = {
			isa = PBXSourcesBuildPhase;
			buildActionMask = 2147483647;
			files = (
				92CC1B7C1C3A66BE0084F815 /* EraserBrush.swift in Sources */,
				92CC1B781C3A657B0084F815 /* RectangleBrush.swift in Sources */,
				92CC1B721C3A63AF0084F815 /* PencilBrush.swift in Sources */,
				92CC1B3F1C3A57A70084F815 /* ViewController.swift in Sources */,
				92CC1B821C3AA8C70084F815 /* PaintingBrushSettingsView.swift in Sources */,
				92CC1B881C3B5C5D0084F815 /* BackgroundSettingsVC.swift in Sources */,
				92CC1B6F1C3A5EAF0084F815 /* BaseBrush.swift in Sources */,
				92CC1B801C3A9A4E0084F815 /* RGBColorPicker.swift in Sources */,
				92CC1B761C3A64D40084F815 /* DashLineBrush.swift in Sources */,
				92CC1B3D1C3A57A70084F815 /* AppDelegate.swift in Sources */,
				92CC1B7A1C3A66220084F815 /* EllipseBrush.swift in Sources */,
				92CC1B741C3A64810084F815 /* LineBrush.swift in Sources */,
				92CC1B6D1C3A5B2D0084F815 /* Board.swift in Sources */,
			);
			runOnlyForDeploymentPostprocessing = 0;
		};
		92CC1B491C3A57A80084F815 /* Sources */ = {
			isa = PBXSourcesBuildPhase;
			buildActionMask = 2147483647;
			files = (
				92CC1B521C3A57A80084F815 /* DrawingBoardTests.swift in Sources */,
			);
			runOnlyForDeploymentPostprocessing = 0;
		};
		92CC1B541C3A57A80084F815 /* Sources */ = {
			isa = PBXSourcesBuildPhase;
			buildActionMask = 2147483647;
			files = (
				92CC1B5D1C3A57A80084F815 /* DrawingBoardUITests.swift in Sources */,
			);
			runOnlyForDeploymentPostprocessing = 0;
		};
/* End PBXSourcesBuildPhase section */

/* Begin PBXTargetDependency section */
		92CC1B4F1C3A57A80084F815 /* PBXTargetDependency */ = {
			isa = PBXTargetDependency;
			target = 92CC1B381C3A57A70084F815 /* DrawingBoard */;
			targetProxy = 92CC1B4E1C3A57A80084F815 /* PBXContainerItemProxy */;
		};
		92CC1B5A1C3A57A80084F815 /* PBXTargetDependency */ = {
			isa = PBXTargetDependency;
			target = 92CC1B381C3A57A70084F815 /* DrawingBoard */;
			targetProxy = 92CC1B591C3A57A80084F815 /* PBXContainerItemProxy */;
		};
/* End PBXTargetDependency section */

/* Begin PBXVariantGroup section */
		92CC1B401C3A57A70084F815 /* Main.storyboard */ = {
			isa = PBXVariantGroup;
			children = (
				92CC1B411C3A57A70084F815 /* Base */,
			);
			name = Main.storyboard;
			sourceTree = "<group>";
		};
		92CC1B451C3A57A70084F815 /* LaunchScreen.storyboard */ = {
			isa = PBXVariantGroup;
			children = (
				92CC1B461C3A57A70084F815 /* Base */,
			);
			name = LaunchScreen.storyboard;
			sourceTree = "<group>";
		};
/* End PBXVariantGroup section */

/* Begin XCBuildConfiguration section */
		92CC1B5F1C3A57A80084F815 /* Debug */ = {
			isa = XCBuildConfiguration;
			buildSettings = {
				ALWAYS_SEARCH_USER_PATHS = NO;
				CLANG_CXX_LANGUAGE_STANDARD = "gnu++0x";
				CLANG_CXX_LIBRARY = "libc++";
				CLANG_ENABLE_MODULES = YES;
				CLANG_ENABLE_OBJC_ARC = YES;
				CLANG_WARN_BOOL_CONVERSION = YES;
				CLANG_WARN_CONSTANT_CONVERSION = YES;
				CLANG_WARN_DIRECT_OBJC_ISA_USAGE = YES_ERROR;
				CLANG_WARN_EMPTY_BODY = YES;
				CLANG_WARN_ENUM_CONVERSION = YES;
				CLANG_WARN_INT_CONVERSION = YES;
				CLANG_WARN_OBJC_ROOT_CLASS = YES_ERROR;
				CLANG_WARN_UNREACHABLE_CODE = YES;
				CLANG_WARN__DUPLICATE_METHOD_MATCH = YES;
				"CODE_SIGN_IDENTITY[sdk=iphoneos*]" = "iPhone Developer";
				COPY_PHASE_STRIP = NO;
				DEBUG_INFORMATION_FORMAT = dwarf;
				ENABLE_STRICT_OBJC_MSGSEND = YES;
				ENABLE_TESTABILITY = YES;
				GCC_C_LANGUAGE_STANDARD = gnu99;
				GCC_DYNAMIC_NO_PIC = NO;
				GCC_NO_COMMON_BLOCKS = YES;
				GCC_OPTIMIZATION_LEVEL = 0;
				GCC_PREPROCESSOR_DEFINITIONS = (
					"DEBUG=1",
					"$(inherited)",
				);
				GCC_WARN_64_TO_32_BIT_CONVERSION = YES;
				GCC_WARN_ABOUT_RETURN_TYPE = YES_ERROR;
				GCC_WARN_UNDECLARED_SELECTOR = YES;
				GCC_WARN_UNINITIALIZED_AUTOS = YES_AGGRESSIVE;
				GCC_WARN_UNUSED_FUNCTION = YES;
				GCC_WARN_UNUSED_VARIABLE = YES;
				IPHONEOS_DEPLOYMENT_TARGET = 9.1;
				MTL_ENABLE_DEBUG_INFO = YES;
				ONLY_ACTIVE_ARCH = YES;
				SDKROOT = iphoneos;
				SWIFT_OPTIMIZATION_LEVEL = "-Onone";
				TARGETED_DEVICE_FAMILY = "1,2";
			};
			name = Debug;
		};
		92CC1B601C3A57A80084F815 /* Release */ = {
			isa = XCBuildConfiguration;
			buildSettings = {
				ALWAYS_SEARCH_USER_PATHS = NO;
				CLANG_CXX_LANGUAGE_STANDARD = "gnu++0x";
				CLANG_CXX_LIBRARY = "libc++";
				CLANG_ENABLE_MODULES = YES;
				CLANG_ENABLE_OBJC_ARC = YES;
				CLANG_WARN_BOOL_CONVERSION = YES;
				CLANG_WARN_CONSTANT_CONVERSION = YES;
				CLANG_WARN_DIRECT_OBJC_ISA_USAGE = YES_ERROR;
				CLANG_WARN_EMPTY_BODY = YES;
				CLANG_WARN_ENUM_CONVERSION = YES;
				CLANG_WARN_INT_CONVERSION = YES;
				CLANG_WARN_OBJC_ROOT_CLASS = YES_ERROR;
				CLANG_WARN_UNREACHABLE_CODE = YES;
				CLANG_WARN__DUPLICATE_METHOD_MATCH = YES;
				"CODE_SIGN_IDENTITY[sdk=iphoneos*]" = "iPhone Developer";
				COPY_PHASE_STRIP = NO;
				DEBUG_INFORMATION_FORMAT = "dwarf-with-dsym";
				ENABLE_NS_ASSERTIONS = NO;
				ENABLE_STRICT_OBJC_MSGSEND = YES;
				GCC_C_LANGUAGE_STANDARD = gnu99;
				GCC_NO_COMMON_BLOCKS = YES;
				GCC_WARN_64_TO_32_BIT_CONVERSION = YES;
				GCC_WARN_ABOUT_RETURN_TYPE = YES_ERROR;
				GCC_WARN_UNDECLARED_SELECTOR = YES;
				GCC_WARN_UNINITIALIZED_AUTOS = YES_AGGRESSIVE;
				GCC_WARN_UNUSED_FUNCTION = YES;
				GCC_WARN_UNUSED_VARIABLE = YES;
				IPHONEOS_DEPLOYMENT_TARGET = 9.1;
				MTL_ENABLE_DEBUG_INFO = NO;
				SDKROOT = iphoneos;
				TARGETED_DEVICE_FAMILY = "1,2";
				VALIDATE_PRODUCT = YES;
			};
			name = Release;
		};
		92CC1B621C3A57A80084F815 /* Debug */ = {
			isa = XCBuildConfiguration;
			buildSettings = {
				ASSETCATALOG_COMPILER_APPICON_NAME = AppIcon;
				INFOPLIST_FILE = DrawingBoard/Info.plist;
				LD_RUNPATH_SEARCH_PATHS = "$(inherited) @executable_path/Frameworks";
				PRODUCT_BUNDLE_IDENTIFIER = com.zhuduan.DrawingBoard;
				PRODUCT_NAME = "$(TARGET_NAME)";
			};
			name = Debug;
		};
		92CC1B631C3A57A80084F815 /* Release */ = {
			isa = XCBuildConfiguration;
			buildSettings = {
				ASSETCATALOG_COMPILER_APPICON_NAME = AppIcon;
				INFOPLIST_FILE = DrawingBoard/Info.plist;
				LD_RUNPATH_SEARCH_PATHS = "$(inherited) @executable_path/Frameworks";
				PRODUCT_BUNDLE_IDENTIFIER = com.zhuduan.DrawingBoard;
				PRODUCT_NAME = "$(TARGET_NAME)";
			};
			name = Release;
		};
		92CC1B651C3A57A80084F815 /* Debug */ = {
			isa = XCBuildConfiguration;
			buildSettings = {
				BUNDLE_LOADER = "$(TEST_HOST)";
				INFOPLIST_FILE = DrawingBoardTests/Info.plist;
				LD_RUNPATH_SEARCH_PATHS = "$(inherited) @executable_path/Frameworks @loader_path/Frameworks";
				PRODUCT_BUNDLE_IDENTIFIER = com.zhuduan.DrawingBoardTests;
				PRODUCT_NAME = "$(TARGET_NAME)";
				TEST_HOST = "$(BUILT_PRODUCTS_DIR)/DrawingBoard.app/DrawingBoard";
			};
			name = Debug;
		};
		92CC1B661C3A57A80084F815 /* Release */ = {
			isa = XCBuildConfiguration;
			buildSettings = {
				BUNDLE_LOADER = "$(TEST_HOST)";
				INFOPLIST_FILE = DrawingBoardTests/Info.plist;
				LD_RUNPATH_SEARCH_PATHS = "$(inherited) @executable_path/Frameworks @loader_path/Frameworks";
				PRODUCT_BUNDLE_IDENTIFIER = com.zhuduan.DrawingBoardTests;
				PRODUCT_NAME = "$(TARGET_NAME)";
				TEST_HOST = "$(BUILT_PRODUCTS_DIR)/DrawingBoard.app/DrawingBoard";
			};
			name = Release;
		};
		92CC1B681C3A57A80084F815 /* Debug */ = {
			isa = XCBuildConfiguration;
			buildSettings = {
				INFOPLIST_FILE = DrawingBoardUITests/Info.plist;
				LD_RUNPATH_SEARCH_PATHS = "$(inherited) @executable_path/Frameworks @loader_path/Frameworks";
				PRODUCT_BUNDLE_IDENTIFIER = com.zhuduan.DrawingBoardUITests;
				PRODUCT_NAME = "$(TARGET_NAME)";
				TEST_TARGET_NAME = DrawingBoard;
				USES_XCTRUNNER = YES;
			};
			name = Debug;
		};
		92CC1B691C3A57A80084F815 /* Release */ = {
			isa = XCBuildConfiguration;
			buildSettings = {
				INFOPLIST_FILE = DrawingBoardUITests/Info.plist;
				LD_RUNPATH_SEARCH_PATHS = "$(inherited) @executable_path/Frameworks @loader_path/Frameworks";
				PRODUCT_BUNDLE_IDENTIFIER = com.zhuduan.DrawingBoardUITests;
				PRODUCT_NAME = "$(TARGET_NAME)";
				TEST_TARGET_NAME = DrawingBoard;
				USES_XCTRUNNER = YES;
			};
			name = Release;
		};
/* End XCBuildConfiguration section */

/* Begin XCConfigurationList section */
		92CC1B341C3A57A70084F815 /* Build configuration list for PBXProject "DrawingBoard" */ = {
			isa = XCConfigurationList;
			buildConfigurations = (
				92CC1B5F1C3A57A80084F815 /* Debug */,
				92CC1B601C3A57A80084F815 /* Release */,
			);
			defaultConfigurationIsVisible = 0;
			defaultConfigurationName = Release;
		};
		92CC1B611C3A57A80084F815 /* Build configuration list for PBXNativeTarget "DrawingBoard" */ = {
			isa = XCConfigurationList;
			buildConfigurations = (
				92CC1B621C3A57A80084F815 /* Debug */,
				92CC1B631C3A57A80084F815 /* Release */,
			);
			defaultConfigurationIsVisible = 0;
		};
		92CC1B641C3A57A80084F815 /* Build configuration list for PBXNativeTarget "DrawingBoardTests" */ = {
			isa = XCConfigurationList;
			buildConfigurations = (
				92CC1B651C3A57A80084F815 /* Debug */,
				92CC1B661C3A57A80084F815 /* Release */,
			);
			defaultConfigurationIsVisible = 0;
		};
		92CC1B671C3A57A80084F815 /* Build configuration list for PBXNativeTarget "DrawingBoardUITests" */ = {
			isa = XCConfigurationList;
			buildConfigurations = (
				92CC1B681C3A57A80084F815 /* Debug */,
				92CC1B691C3A57A80084F815 /* Release */,
			);
			defaultConfigurationIsVisible = 0;
		};
/* End XCConfigurationList section */
	};
	rootObject = 92CC1B311C3A57A70084F815 /* Project object */;
}
